
Microsoft Visual Studio Solution File, Format Version 12.00
# Visual Studio Version 17
VisualStudioVersion = 17.6.33801.468
MinimumVisualStudioVersion = 10.0.40219.1
Project("{2150E333-8FDC-42A3-9474-1A3956D46DE8}") = "Services", "Services", "{FC2843F0-B80F-4BA3-9FE4-D448018A8C16}"
EndProject
Project("{2150E333-8FDC-42A3-9474-1A3956D46DE8}") = "Catalog", "Catalog", "{BDF448BA-E5EF-40EF-A6A3-80594332D1BD}"
EndProject
Project("{9A19103F-16F7-4668-BE54-9A1E7A4F7556}") = "Catalog.API", "Services\Catalog\Catalog.API\Catalog.API.csproj", "{5E58B9B7-E023-4A3B-8F01-3C02CD09868D}"
EndProject
Project("{E53339B2-1760-4266-BCC7-CA923CBCF16C}") = "docker-compose", "docker-compose.dcproj", "{66562513-8927-4A4C-B928-2E8EE5ECF71A}"
EndProject
Project("{2150E333-8FDC-42A3-9474-1A3956D46DE8}") = "Basket", "Basket", "{B5B8AA02-FF6B-4EC8-BA3C-269FFCA44DAB}"
EndProject
Project("{9A19103F-16F7-4668-BE54-9A1E7A4F7556}") = "Basket.API", "Services\Basket\Basket.API\Basket.API.csproj", "{9C6E93ED-975B-41AF-9AE4-CF33277F133E}"
EndProject
Project("{2150E333-8FDC-42A3-9474-1A3956D46DE8}") = "Discount", "Discount", "{E825B1BC-7C6F-4141-A7FD-D6D8F6807C47}"
EndProject
Project("{9A19103F-16F7-4668-BE54-9A1E7A4F7556}") = "Discount.API", "Services\Discount\Discount.API\Discount.API.csproj", "{33B927D2-9A0B-478D-A0C7-F49AD51CB228}"
EndProject
Project("{FAE04EC0-301F-11D3-BF4B-00C04F79EFBC}") = "Discount.Grpc", "Services\Discount\Discount.Grpc\Discount.Grpc\Discount.Grpc.csproj", "{A8B787A8-C1ED-4303-B0E3-0B406524001F}"
EndProject
Global
	GlobalSection(SolutionConfigurationPlatforms) = preSolution
		Debug|Any CPU = Debug|Any CPU
		Release|Any CPU = Release|Any CPU
	EndGlobalSection
	GlobalSection(ProjectConfigurationPlatforms) = postSolution
		{5E58B9B7-E023-4A3B-8F01-3C02CD09868D}.Debug|Any CPU.ActiveCfg = Debug|Any CPU
		{5E58B9B7-E023-4A3B-8F01-3C02CD09868D}.Debug|Any CPU.Build.0 = Debug|Any CPU
		{5E58B9B7-E023-4A3B-8F01-3C02CD09868D}.Release|Any CPU.ActiveCfg = Release|Any CPU
		{5E58B9B7-E023-4A3B-8F01-3C02CD09868D}.Release|Any CPU.Build.0 = Release|Any CPU
		{66562513-8927-4A4C-B928-2E8EE5ECF71A}.Debug|Any CPU.ActiveCfg = Debug|Any CPU
		{66562513-8927-4A4C-B928-2E8EE5ECF71A}.Debug|Any CPU.Build.0 = Debug|Any CPU
		{66562513-8927-4A4C-B928-2E8EE5ECF71A}.Release|Any CPU.ActiveCfg = Release|Any CPU
		{66562513-8927-4A4C-B928-2E8EE5ECF71A}.Release|Any CPU.Build.0 = Release|Any CPU
		{9C6E93ED-975B-41AF-9AE4-CF33277F133E}.Debug|Any CPU.ActiveCfg = Debug|Any CPU
		{9C6E93ED-975B-41AF-9AE4-CF33277F133E}.Debug|Any CPU.Build.0 = Debug|Any CPU
		{9C6E93ED-975B-41AF-9AE4-CF33277F133E}.Release|Any CPU.ActiveCfg = Release|Any CPU
		{9C6E93ED-975B-41AF-9AE4-CF33277F133E}.Release|Any CPU.Build.0 = Release|Any CPU
		{33B927D2-9A0B-478D-A0C7-F49AD51CB228}.Debug|Any CPU.ActiveCfg = Debug|Any CPU
		{33B927D2-9A0B-478D-A0C7-F49AD51CB228}.Debug|Any CPU.Build.0 = Debug|Any CPU
		{33B927D2-9A0B-478D-A0C7-F49AD51CB228}.Release|Any CPU.ActiveCfg = Release|Any CPU
		{33B927D2-9A0B-478D-A0C7-F49AD51CB228}.Release|Any CPU.Build.0 = Release|Any CPU
		{A8B787A8-C1ED-4303-B0E3-0B406524001F}.Debug|Any CPU.ActiveCfg = Debug|Any CPU
		{A8B787A8-C1ED-4303-B0E3-0B406524001F}.Debug|Any CPU.Build.0 = Debug|Any CPU
		{A8B787A8-C1ED-4303-B0E3-0B406524001F}.Release|Any CPU.ActiveCfg = Release|Any CPU
		{A8B787A8-C1ED-4303-B0E3-0B406524001F}.Release|Any CPU.Build.0 = Release|Any CPU
	EndGlobalSection
	GlobalSection(SolutionProperties) = preSolution
		HideSolutionNode = FALSE
	EndGlobalSection
	GlobalSection(NestedProjects) = preSolution
		{BDF448BA-E5EF-40EF-A6A3-80594332D1BD} = {FC2843F0-B80F-4BA3-9FE4-D448018A8C16}
		{5E58B9B7-E023-4A3B-8F01-3C02CD09868D} = {BDF448BA-E5EF-40EF-A6A3-80594332D1BD}
		{B5B8AA02-FF6B-4EC8-BA3C-269FFCA44DAB} = {FC2843F0-B80F-4BA3-9FE4-D448018A8C16}
		{9C6E93ED-975B-41AF-9AE4-CF33277F133E} = {B5B8AA02-FF6B-4EC8-BA3C-269FFCA44DAB}
		{E825B1BC-7C6F-4141-A7FD-D6D8F6807C47} = {FC2843F0-B80F-4BA3-9FE4-D448018A8C16}
		{33B927D2-9A0B-478D-A0C7-F49AD51CB228} = {E825B1BC-7C6F-4141-A7FD-D6D8F6807C47}
		{A8B787A8-C1ED-4303-B0E3-0B406524001F} = {E825B1BC-7C6F-4141-A7FD-D6D8F6807C47}
	EndGlobalSection
	GlobalSection(ExtensibilityGlobals) = postSolution
		SolutionGuid = {15171B53-4D6C-4804-B8DE-9A5EC50FA8C5}
	EndGlobalSection
EndGlobal
